{
  "name": "wezom-standard-tabs",
  "version": "1.0.0",
  "lockfileVersion": 1,
  "requires": true,
  "dependencies": {
    "custom-jquery-methods": {
      "version": "1.3.0",
      "resolved": "https://registry.npmjs.org/custom-jquery-methods/-/custom-jquery-methods-1.3.0.tgz",
      "integrity": "sha512-gs4pJ4mk0iT/6pTygDp1hWZZFncQrwKHtEntqu65YRuFiwlS7gwnk7VGqK6Prrzens4vnLCEYuwkwkMWqzCpzA=="
    },
    "jquery": {
      "version": "3.3.1",
      "resolved": "https://registry.npmjs.org/jquery/-/jquery-3.3.1.tgz",
      "integrity": "sha512-Ubldcmxp5np52/ENotGxlLe6aGMvmF4R8S6tZjsP6Knsaxd/xp3Zrh50cG93lR6nPXyUFwzN3ZSOQI0wRJNdGg=="
    }
  }
}
